{
  "originHash" : "29c1dcc0e4302c0e557766db4e4b1031908bfe6aae8d68d67c5627f6560644ae",
  "pins" : [
    {
      "identity" : "kfassetcatalogimageprovider",
      "kind" : "remoteSourceControl",
      "location" : "https://github.com/mattorb/KFAssetCatalogImageProvider",
      "state" : {
        "revision" : "e7ee4f28d408d95020701ae608b4167fcd41e248",
        "version" : "0.1.0"
      }
    },
    {
      "identity" : "kingfisher",
      "kind" : "remoteSourceControl",
      "location" : "https://github.com/onevcat/Kingfisher.git",
      "state" : {
        "revision" : "3db26ab625d194c38e68c1a40e43d1bc12743fe0",
        "version" : "8.2.0"
      }
    }
  ],
  "version" : 3
}
